
Microsoft Visual Studio Solution File, Format Version 12.00
# Visual Studio Version 16
VisualStudioVersion = 16.0.28803.202
MinimumVisualStudioVersion = 10.0.40219.1
Project("{FAE04EC0-301F-11D3-BF4B-00C04F79EFBC}") = "itemCraft", "itemCraft\itemCraft.csproj", "{B84ADAF5-5926-4154-BCA8-1793C06EC145}"
EndProject
Global
	GlobalSection(SolutionConfigurationPlatforms) = preSolution
		Debug|Any CPU = Debug|Any CPU
		Release|Any CPU = Release|Any CPU
	EndGlobalSection
	GlobalSection(ProjectConfigurationPlatforms) = postSolution
		{B84ADAF5-5926-4154-BCA8-1793C06EC145}.Debug|Any CPU.ActiveCfg = Debug|Any CPU
		{B84ADAF5-5926-4154-BCA8-1793C06EC145}.Debug|Any CPU.Build.0 = Debug|Any CPU
		{B84ADAF5-5926-4154-BCA8-1793C06EC145}.Release|Any CPU.ActiveCfg = Release|Any CPU
		{B84ADAF5-5926-4154-BCA8-1793C06EC145}.Release|Any CPU.Build.0 = Release|Any CPU
	EndGlobalSection
	GlobalSection(SolutionProperties) = preSolution
		HideSolutionNode = FALSE
	EndGlobalSection
	GlobalSection(ExtensibilityGlobals) = postSolution
		SolutionGuid = {E2BADC09-0EB4-417D-A40A-560BD77D25EE}
	EndGlobalSection
EndGlobal
